
Microsoft Visual Studio Solution File, Format Version 12.00
# Visual Studio Version 16
VisualStudioVersion = 16.0.29123.88
MinimumVisualStudioVersion = 10.0.40219.1
Project("{FAE04EC0-301F-11D3-BF4B-00C04F79EFBC}") = "ScanGrow", "Scan Grow\ScanGrow.csproj", "{F66E1AAE-1EDD-49C0-B4AB-6B0F49C6C9C5}"
EndProject
Project("{9A19103F-16F7-4668-BE54-9A1E7A4F7556}") = "ML.Model", "MLModel\ML.Model\ML.Model.csproj", "{AA77F54A-37F8-4D55-920D-0EDF9C33A7B3}"
EndProject
Project("{54435603-DBB4-11D2-8724-00A0C9A8B90C}") = "Installer", "Installer\Installer.vdproj", "{A60A583F-8137-42D7-B9CD-37A0677A5360}"
EndProject
Global
	GlobalSection(SolutionConfigurationPlatforms) = preSolution
		Debug|Any CPU = Debug|Any CPU
		Debug|x64 = Debug|x64
		Release|Any CPU = Release|Any CPU
		Release|x64 = Release|x64
		Ross|Any CPU = Ross|Any CPU
		Ross|x64 = Ross|x64
	EndGlobalSection
	GlobalSection(ProjectConfigurationPlatforms) = postSolution
		{F66E1AAE-1EDD-49C0-B4AB-6B0F49C6C9C5}.Debug|Any CPU.ActiveCfg = Debug|Any CPU
		{F66E1AAE-1EDD-49C0-B4AB-6B0F49C6C9C5}.Debug|Any CPU.Build.0 = Debug|Any CPU
		{F66E1AAE-1EDD-49C0-B4AB-6B0F49C6C9C5}.Debug|x64.ActiveCfg = Debug|x64
		{F66E1AAE-1EDD-49C0-B4AB-6B0F49C6C9C5}.Debug|x64.Build.0 = Debug|x64
		{F66E1AAE-1EDD-49C0-B4AB-6B0F49C6C9C5}.Release|Any CPU.ActiveCfg = Release|Any CPU
		{F66E1AAE-1EDD-49C0-B4AB-6B0F49C6C9C5}.Release|Any CPU.Build.0 = Release|Any CPU
		{F66E1AAE-1EDD-49C0-B4AB-6B0F49C6C9C5}.Release|x64.ActiveCfg = Release|x64
		{F66E1AAE-1EDD-49C0-B4AB-6B0F49C6C9C5}.Release|x64.Build.0 = Release|x64
		{F66E1AAE-1EDD-49C0-B4AB-6B0F49C6C9C5}.Ross|Any CPU.ActiveCfg = Release|Any CPU
		{F66E1AAE-1EDD-49C0-B4AB-6B0F49C6C9C5}.Ross|Any CPU.Build.0 = Release|Any CPU
		{F66E1AAE-1EDD-49C0-B4AB-6B0F49C6C9C5}.Ross|x64.ActiveCfg = Release|x64
		{F66E1AAE-1EDD-49C0-B4AB-6B0F49C6C9C5}.Ross|x64.Build.0 = Release|x64
		{AA77F54A-37F8-4D55-920D-0EDF9C33A7B3}.Debug|Any CPU.ActiveCfg = Debug|Any CPU
		{AA77F54A-37F8-4D55-920D-0EDF9C33A7B3}.Debug|Any CPU.Build.0 = Debug|Any CPU
		{AA77F54A-37F8-4D55-920D-0EDF9C33A7B3}.Debug|x64.ActiveCfg = Debug|x64
		{AA77F54A-37F8-4D55-920D-0EDF9C33A7B3}.Debug|x64.Build.0 = Debug|x64
		{AA77F54A-37F8-4D55-920D-0EDF9C33A7B3}.Release|Any CPU.ActiveCfg = Release|Any CPU
		{AA77F54A-37F8-4D55-920D-0EDF9C33A7B3}.Release|Any CPU.Build.0 = Release|Any CPU
		{AA77F54A-37F8-4D55-920D-0EDF9C33A7B3}.Release|x64.ActiveCfg = Release|x64
		{AA77F54A-37F8-4D55-920D-0EDF9C33A7B3}.Release|x64.Build.0 = Release|x64
		{AA77F54A-37F8-4D55-920D-0EDF9C33A7B3}.Ross|Any CPU.ActiveCfg = Release|Any CPU
		{AA77F54A-37F8-4D55-920D-0EDF9C33A7B3}.Ross|Any CPU.Build.0 = Release|Any CPU
		{AA77F54A-37F8-4D55-920D-0EDF9C33A7B3}.Ross|x64.ActiveCfg = Release|x64
		{AA77F54A-37F8-4D55-920D-0EDF9C33A7B3}.Ross|x64.Build.0 = Release|x64
		{A60A583F-8137-42D7-B9CD-37A0677A5360}.Debug|Any CPU.ActiveCfg = Debug
		{A60A583F-8137-42D7-B9CD-37A0677A5360}.Debug|x64.ActiveCfg = Debug
		{A60A583F-8137-42D7-B9CD-37A0677A5360}.Release|Any CPU.ActiveCfg = Release
		{A60A583F-8137-42D7-B9CD-37A0677A5360}.Release|x64.ActiveCfg = Release
		{A60A583F-8137-42D7-B9CD-37A0677A5360}.Release|x64.Build.0 = Release
		{A60A583F-8137-42D7-B9CD-37A0677A5360}.Ross|Any CPU.ActiveCfg = Release
		{A60A583F-8137-42D7-B9CD-37A0677A5360}.Ross|Any CPU.Build.0 = Release
		{A60A583F-8137-42D7-B9CD-37A0677A5360}.Ross|x64.ActiveCfg = Release
		{A60A583F-8137-42D7-B9CD-37A0677A5360}.Ross|x64.Build.0 = Release
	EndGlobalSection
	GlobalSection(SolutionProperties) = preSolution
		HideSolutionNode = FALSE
	EndGlobalSection
	GlobalSection(ExtensibilityGlobals) = postSolution
		SolutionGuid = {13DD0F10-CED2-44B8-B89C-889E3CA2BC7C}
	EndGlobalSection
EndGlobal
